<?xml version="1.0" encoding="utf-8"?>
<Project ToolsVersion="4.0" xmlns="http://schemas.microsoft.com/developer/msbuild/2003">
  <ItemGroup>
    <ClCompile Include="..\Classes\Scene\WinScene.cpp">
      <Filter>Scene</Filter>
    </ClCompile>
    <ClCompile Include="..\Classes\Entity\AOEArea.cpp">
      <Filter>Entity</Filter>
    </ClCompile>
    <ClCompile Include="..\Classes\Buff\Buff.cpp">
      <Filter>Buff</Filter>
    </ClCompile>
    <ClCompile Include="..\Classes\Buff\BuffList.cpp">
      <Filter>Buff</Filter>
    </ClCompile>
    <ClCompile Include="..\Classes\Enemy\Enemy.cpp">
      <Filter>Enemy</Filter>
    </ClCompile>
    <ClCompile Include="..\Classes\Entity\Entity.cpp">
      <Filter>Entity</Filter>
    </ClCompile>
    <ClCompile Include="..\Classes\Skill\FastFreeze.cpp">
      <Filter>Skill</Filter>
    </ClCompile>
    <ClCompile Include="..\Classes\Entity\FireAOE.cpp">
      <Filter>Entity</Filter>
    </ClCompile>
    <ClCompile Include="..\Classes\Entity\FireDir.cpp">
      <Filter>Entity</Filter>
    </ClCompile>
    <ClCompile Include="..\Classes\Scene\GameScene.cpp">
      <Filter>Scene</Filter>
    </ClCompile>
    <ClCompile Include="..\Classes\HelloWorldScene.cpp">
      <Filter>Scene</Filter>
    </ClCompile>
    <ClCompile Include="..\Classes\Skill\Hurricane.cpp">
      <Filter>Skill</Filter>
    </ClCompile>
    <ClCompile Include="..\Classes\Entity\IceAOE.cpp">
      <Filter>Entity</Filter>
    </ClCompile>
    <ClCompile Include="..\Classes\Scene\MainScene.cpp">
      <Filter>Scene</Filter>
    </ClCompile>
    <ClCompile Include="..\Classes\Scene\LoseScene.cpp">
      <Filter>Scene</Filter>
    </ClCompile>
    <ClCompile Include="..\Classes\Entity\Missile.cpp">
      <Filter>Entity</Filter>
    </ClCompile>
    <ClCompile Include="..\Classes\Entity\MissileStar.cpp">
      <Filter>Entity</Filter>
    </ClCompile>
    <ClCompile Include="..\Classes\Entity\MoonSword.cpp">
      <Filter>Entity</Filter>
    </ClCompile>
    <ClCompile Include="..\Classes\Skill\RowSkill.cpp">
      <Filter>Skill</Filter>
    </ClCompile>
    <ClCompile Include="..\Classes\Skill\ShakingWave.cpp">
      <Filter>Skill</Filter>
    </ClCompile>
    <ClCompile Include="..\Classes\Enemy\SimpleEnemy.cpp">
      <Filter>Enemy</Filter>
    </ClCompile>
    <ClCompile Include="..\Classes\Skill\Skill.cpp">
      <Filter>Skill</Filter>
    </ClCompile>
    <ClCompile Include="..\Classes\Util\StageLoader.cpp">
      <Filter>Util</Filter>
    </ClCompile>
    <ClCompile Include="..\Classes\Entity\StarFall.cpp">
      <Filter>Entity</Filter>
    </ClCompile>
    <ClCompile Include="..\Classes\Util\TDPoint.cpp">
      <Filter>Util</Filter>
    </ClCompile>
    <ClCompile Include="..\Classes\Entity\Thunder.cpp">
      <Filter>Entity</Filter>
    </ClCompile>
    <ClCompile Include="..\Classes\Tower\Tower.cpp">
      <Filter>Tower</Filter>
    </ClCompile>
    <ClCompile Include="..\Classes\Tower\TowerFire.cpp">
      <Filter>Tower</Filter>
    </ClCompile>
    <ClCompile Include="..\Classes\Tower\TowerIce.cpp">
      <Filter>Tower</Filter>
    </ClCompile>
    <ClCompile Include="..\Classes\Tower\TowerMoon.cpp">
      <Filter>Tower</Filter>
    </ClCompile>
    <ClCompile Include="..\Classes\Tower\TowerStar.cpp">
      <Filter>Tower</Filter>
    </ClCompile>
    <ClCompile Include="..\Classes\Tower\TowerThunder.cpp">
      <Filter>Tower</Filter>
    </ClCompile>
    <ClCompile Include="main.cpp" />
    <ClCompile Include="..\Classes\AppDelegate.cpp" />
  </ItemGroup>
  <ItemGroup>
    <ClInclude Include="..\Classes\Scene\WinScene.h">
      <Filter>Scene</Filter>
    </ClInclude>
    <ClInclude Include="..\Classes\Entity\AOEArea.h">
      <Filter>Entity</Filter>
    </ClInclude>
    <ClInclude Include="..\Classes\Buff\Buff.h">
      <Filter>Buff</Filter>
    </ClInclude>
    <ClInclude Include="..\Classes\Buff\BuffList.h">
      <Filter>Buff</Filter>
    </ClInclude>
    <ClInclude Include="..\Classes\Enemy\Enemy.h">
      <Filter>Enemy</Filter>
    </ClInclude>
    <ClInclude Include="..\Classes\Entity\Entity.h">
      <Filter>Entity</Filter>
    </ClInclude>
    <ClInclude Include="..\Classes\Skill\FastFreeze.h">
      <Filter>Skill</Filter>
    </ClInclude>
    <ClInclude Include="..\Classes\Entity\FireAOE.h">
      <Filter>Entity</Filter>
    </ClInclude>
    <ClInclude Include="..\Classes\Entity\FireDir.h">
      <Filter>Entity</Filter>
    </ClInclude>
    <ClInclude Include="..\Classes\Scene\GameScene.h">
      <Filter>Scene</Filter>
    </ClInclude>
    <ClInclude Include="..\Classes\HelloWorldScene.h">
      <Filter>Scene</Filter>
    </ClInclude>
    <ClInclude Include="..\Classes\Skill\Hurricane.h">
      <Filter>Skill</Filter>
    </ClInclude>
    <ClInclude Include="..\Classes\Entity\IceAOE.h">
      <Filter>Entity</Filter>
    </ClInclude>
    <ClInclude Include="..\Classes\Scene\MainScene.h">
      <Filter>Scene</Filter>
    </ClInclude>
    <ClInclude Include="..\Classes\Scene\LoseScene.h">
      <Filter>Scene</Filter>
    </ClInclude>
    <ClInclude Include="..\Classes\Entity\Missile.h">
      <Filter>Entity</Filter>
    </ClInclude>
    <ClInclude Include="..\Classes\Entity\MissileStar.h">
      <Filter>Entity</Filter>
    </ClInclude>
    <ClInclude Include="..\Classes\Entity\MoonSword.h">
      <Filter>Entity</Filter>
    </ClInclude>
    <ClInclude Include="..\Classes\Skill\RowSkill.h">
      <Filter>Skill</Filter>
    </ClInclude>
    <ClInclude Include="..\Classes\Skill\ShakingWave.h">
      <Filter>Skill</Filter>
    </ClInclude>
    <ClInclude Include="..\Classes\Enemy\SimpleEnemy.h">
      <Filter>Enemy</Filter>
    </ClInclude>
    <ClInclude Include="..\Classes\Skill\Skill.h">
      <Filter>Skill</Filter>
    </ClInclude>
    <ClInclude Include="..\Classes\Util\StageLoader.h">
      <Filter>Util</Filter>
    </ClInclude>
    <ClInclude Include="..\Classes\Entity\StarFall.h">
      <Filter>Entity</Filter>
    </ClInclude>
    <ClInclude Include="..\Classes\Util\TDPoint.h">
      <Filter>Util</Filter>
    </ClInclude>
    <ClInclude Include="..\Classes\Entity\Thunder.h">
      <Filter>Entity</Filter>
    </ClInclude>
    <ClInclude Include="..\Classes\Tower\Tower.h">
      <Filter>Tower</Filter>
    </ClInclude>
    <ClInclude Include="..\Classes\Tower\TowerFire.h">
      <Filter>Tower</Filter>
    </ClInclude>
    <ClInclude Include="..\Classes\Tower\TowerIce.h">
      <Filter>Tower</Filter>
    </ClInclude>
    <ClInclude Include="..\Classes\Tower\TowerMoon.h">
      <Filter>Tower</Filter>
    </ClInclude>
    <ClInclude Include="..\Classes\Tower\TowerStar.h">
      <Filter>Tower</Filter>
    </ClInclude>
    <ClInclude Include="..\Classes\Tower\TowerThunder.h">
      <Filter>Tower</Filter>
    </ClInclude>
    <ClInclude Include="main.h" />
    <ClInclude Include="..\Classes\AppDelegate.h" />
    <ClInclude Include="..\Classes\Util\StageLoader.h">
      <Filter>Util</Filter>
    </ClInclude>
    <ClInclude Include="..\Classes\Tower\TowerStar.h">
      <Filter>Tower</Filter>
    </ClInclude>
  </ItemGroup>
  <ItemGroup>
    <None Include="..\Resources\res\Tower\Ice_Attack.plist" />
    <None Include="..\Resources\res\Tower\Ice_picture.plist" />
  </ItemGroup>
  <ItemGroup>
    <Filter Include="Scene">
      <UniqueIdentifier>{9e1081eb-0c21-463f-95f6-d35beadcdd77}</UniqueIdentifier>
    </Filter>
    <Filter Include="Buff">
      <UniqueIdentifier>{2acdc278-6a5e-4f85-bf33-da247d1bc3f3}</UniqueIdentifier>
    </Filter>
    <Filter Include="Entity">
      <UniqueIdentifier>{5040701a-975d-4b8c-9d0e-8aacdfda3f04}</UniqueIdentifier>
    </Filter>
    <Filter Include="Skill">
      <UniqueIdentifier>{93cbb7a1-2819-46d3-9001-b87c5276368b}</UniqueIdentifier>
    </Filter>
    <Filter Include="Enemy">
      <UniqueIdentifier>{89bc078a-833c-414b-8b94-09b4997e2528}</UniqueIdentifier>
    </Filter>
    <Filter Include="Tower">
      <UniqueIdentifier>{22c89551-5d16-41a8-8fee-6e7d2c5bfdba}</UniqueIdentifier>
    </Filter>
    <Filter Include="Util">
      <UniqueIdentifier>{38708f9b-c30b-4597-bcf9-3f5a40ace414}</UniqueIdentifier>
    </Filter>
  </ItemGroup>
  <ItemGroup>
    <ResourceCompile Include="game.rc" />
  </ItemGroup>
</Project>