<?xml version="1.0" encoding="utf-8"?>
<Project ToolsVersion="4.0" xmlns="http://schemas.microsoft.com/developer/msbuild/2003">
  <ItemGroup>
    <Filter Include="win32">
      <UniqueIdentifier>{84a8ebd7-7cf0-47f6-b75e-d441df67da40}</UniqueIdentifier>
    </Filter>
    <Filter Include="resource">
      <UniqueIdentifier>{715254bc-d70b-4ec5-bf29-467dd3ace079}</UniqueIdentifier>
    </Filter>
    <Filter Include="src">
      <UniqueIdentifier>{bb6c862e-70e9-49d9-81b7-3829a6f50471}</UniqueIdentifier>
    </Filter>
    <Filter Include="src\Scene">
      <UniqueIdentifier>{7575d0f7-5718-49c6-b3c9-3dcfa166ac16}</UniqueIdentifier>
    </Filter>
    <Filter Include="src\Entity">
      <UniqueIdentifier>{6e132eb4-3ffd-49d7-8dcd-f618359684c4}</UniqueIdentifier>
    </Filter>
    <Filter Include="src\Buff">
      <UniqueIdentifier>{2210115a-8022-4287-9221-d3b5434eb96a}</UniqueIdentifier>
    </Filter>
    <Filter Include="src\Enemy">
      <UniqueIdentifier>{a09c14b4-dcf8-4b98-8283-9ca9c737527c}</UniqueIdentifier>
    </Filter>
    <Filter Include="src\Skill">
      <UniqueIdentifier>{79acdf64-4be3-4616-a415-4e084b59e906}</UniqueIdentifier>
    </Filter>
    <Filter Include="src\Tower">
      <UniqueIdentifier>{15a736fe-4df0-4c2c-a7aa-d2a6088bdedf}</UniqueIdentifier>
    </Filter>
    <Filter Include="src\Util">
      <UniqueIdentifier>{c2921edb-527d-46cc-b2ee-a71ff5770198}</UniqueIdentifier>
    </Filter>
  </ItemGroup>
  <ItemGroup>
    <ClCompile Include="main.cpp">
      <Filter>win32</Filter>
    </ClCompile>
    <ClCompile Include="..\Classes\AppDelegate.cpp">
      <Filter>src</Filter>
    </ClCompile>
    <ClCompile Include="..\Classes\HelloWorldScene.cpp">
      <Filter>src</Filter>
    </ClCompile>
    <ClCompile Include="..\Classes\Enemy\Enemy.cpp">
      <Filter>src\Enemy</Filter>
    </ClCompile>
    <ClCompile Include="..\Classes\Buff\Buff.cpp">
      <Filter>src\Buff</Filter>
    </ClCompile>
    <ClCompile Include="..\Classes\Buff\BuffList.cpp">
      <Filter>src\Buff</Filter>
    </ClCompile>
    <ClCompile Include="..\Classes\Enemy\TestEnemy.cpp">
      <Filter>src\Enemy</Filter>
    </ClCompile>
    <ClCompile Include="..\Classes\Scene\GameScene.cpp">
      <Filter>src\Scene</Filter>
    </ClCompile>
    <ClCompile Include="..\Classes\Util\TDPoint.cpp">
      <Filter>src\Util</Filter>
    </ClCompile>
    <ClCompile Include="..\Classes\Entity\Entity.cpp">
      <Filter>src\Entity</Filter>
    </ClCompile>
  </ItemGroup>
  <ItemGroup>
    <ClInclude Include="main.h">
      <Filter>win32</Filter>
    </ClInclude>
    <ClInclude Include="..\Classes\AppDelegate.h">
      <Filter>src</Filter>
    </ClInclude>
    <ClInclude Include="..\Classes\HelloWorldScene.h">
      <Filter>src</Filter>
    </ClInclude>
    <ClInclude Include="..\Classes\Enemy\Enemy.h">
      <Filter>src\Enemy</Filter>
    </ClInclude>
    <ClInclude Include="..\Classes\Buff\Buff.h">
      <Filter>src\Buff</Filter>
    </ClInclude>
    <ClInclude Include="..\Classes\Buff\BuffList.h">
      <Filter>src\Buff</Filter>
    </ClInclude>
    <ClInclude Include="..\Classes\Enemy\TestEnemy.h">
      <Filter>src\Enemy</Filter>
    </ClInclude>
    <ClInclude Include="..\Classes\Scene\GameScene.h">
      <Filter>src\Scene</Filter>
    </ClInclude>
    <ClInclude Include="..\Classes\Util\TDPoint.h">
      <Filter>src\Util</Filter>
    </ClInclude>
    <ClInclude Include="..\Classes\Entity\Entity.h">
      <Filter>src\Entity</Filter>
    </ClInclude>
  </ItemGroup>
  <ItemGroup>
    <ResourceCompile Include="game.rc">
      <Filter>resource</Filter>
    </ResourceCompile>
  </ItemGroup>
</Project>